
Microsoft Visual Studio Solution File, Format Version 12.00
# Visual Studio Version 16
VisualStudioVersion = 16.0.31025.194
MinimumVisualStudioVersion = 10.0.40219.1
Project("{FAE04EC0-301F-11D3-BF4B-00C04F79EFBC}") = "WebApplication1", "WebApplication1\WebApplication1.csproj", "{3212DC9F-0626-42D0-B46B-77D54C7495F2}"
EndProject
Global
	GlobalSection(SolutionConfigurationPlatforms) = preSolution
		Debug|Any CPU = Debug|Any CPU
		Release|Any CPU = Release|Any CPU
	EndGlobalSection
	GlobalSection(ProjectConfigurationPlatforms) = postSolution
		{3212DC9F-0626-42D0-B46B-77D54C7495F2}.Debug|Any CPU.ActiveCfg = Debug|Any CPU
		{3212DC9F-0626-42D0-B46B-77D54C7495F2}.Debug|Any CPU.Build.0 = Debug|Any CPU
		{3212DC9F-0626-42D0-B46B-77D54C7495F2}.Release|Any CPU.ActiveCfg = Release|Any CPU
		{3212DC9F-0626-42D0-B46B-77D54C7495F2}.Release|Any CPU.Build.0 = Release|Any CPU
	EndGlobalSection
	GlobalSection(SolutionProperties) = preSolution
		HideSolutionNode = FALSE
	EndGlobalSection
	GlobalSection(ExtensibilityGlobals) = postSolution
		SolutionGuid = {815D9FFC-15DE-4C3F-A6FE-2C12A749155D}
	EndGlobalSection
EndGlobal
